
Microsoft Visual Studio Solution File, Format Version 12.00
# Visual Studio 15
VisualStudioVersion = 15.0.28307.168
MinimumVisualStudioVersion = 10.0.40219.1
Project("{FAE04EC0-301F-11D3-BF4B-00C04F79EFBC}") = "Newt", "Newt\Newt.csproj", "{61CD14B8-56FD-4DD8-A044-3121D27C5813}"
EndProject
Global
	GlobalSection(SolutionConfigurationPlatforms) = preSolution
		Debug|Any CPU = Debug|Any CPU
		Release|Any CPU = Release|Any CPU
	EndGlobalSection
	GlobalSection(ProjectConfigurationPlatforms) = postSolution
		{61CD14B8-56FD-4DD8-A044-3121D27C5813}.Debug|Any CPU.ActiveCfg = Debug|Any CPU
		{61CD14B8-56FD-4DD8-A044-3121D27C5813}.Debug|Any CPU.Build.0 = Debug|Any CPU
		{61CD14B8-56FD-4DD8-A044-3121D27C5813}.Release|Any CPU.ActiveCfg = Release|Any CPU
		{61CD14B8-56FD-4DD8-A044-3121D27C5813}.Release|Any CPU.Build.0 = Release|Any CPU
	EndGlobalSection
	GlobalSection(SolutionProperties) = preSolution
		HideSolutionNode = FALSE
	EndGlobalSection
	GlobalSection(ExtensibilityGlobals) = postSolution
		SolutionGuid = {1F922256-F952-492D-BB08-E6557DCA8E21}
	EndGlobalSection
EndGlobal
