
Microsoft Visual Studio Solution File, Format Version 12.00
# Visual Studio 15
VisualStudioVersion = 15.0.28307.168
MinimumVisualStudioVersion = 10.0.40219.1
Project("{9A19103F-16F7-4668-BE54-9A1E7A4F7556}") = "Newt", "Newt\Newt.csproj", "{61CD14B8-56FD-4DD8-A044-3121D27C5813}"
EndProject
Project("{9A19103F-16F7-4668-BE54-9A1E7A4F7556}") = "NewtRT", "NewtRT\NewtRT.csproj", "{C65BD65D-0D3C-4A45-92A3-5464E8582237}"
EndProject
Project("{9A19103F-16F7-4668-BE54-9A1E7A4F7556}") = "Eval", "Eval\Eval.csproj", "{9E7DD2AA-4890-44C2-9FD8-8DC65BA15F81}"
EndProject
Project("{FAE04EC0-301F-11D3-BF4B-00C04F79EFBC}") = "HighlighterDemo", "HighlighterDemo\HighlighterDemo.csproj", "{77C221BC-716F-4AF7-A09D-BDFCF2748130}"
EndProject
Global
	GlobalSection(SolutionConfigurationPlatforms) = preSolution
		Debug|Any CPU = Debug|Any CPU
		Release|Any CPU = Release|Any CPU
	EndGlobalSection
	GlobalSection(ProjectConfigurationPlatforms) = postSolution
		{61CD14B8-56FD-4DD8-A044-3121D27C5813}.Debug|Any CPU.ActiveCfg = Debug|Any CPU
		{61CD14B8-56FD-4DD8-A044-3121D27C5813}.Debug|Any CPU.Build.0 = Debug|Any CPU
		{61CD14B8-56FD-4DD8-A044-3121D27C5813}.Release|Any CPU.ActiveCfg = Release|Any CPU
		{61CD14B8-56FD-4DD8-A044-3121D27C5813}.Release|Any CPU.Build.0 = Release|Any CPU
		{C65BD65D-0D3C-4A45-92A3-5464E8582237}.Debug|Any CPU.ActiveCfg = Debug|Any CPU
		{C65BD65D-0D3C-4A45-92A3-5464E8582237}.Debug|Any CPU.Build.0 = Debug|Any CPU
		{C65BD65D-0D3C-4A45-92A3-5464E8582237}.Release|Any CPU.ActiveCfg = Release|Any CPU
		{C65BD65D-0D3C-4A45-92A3-5464E8582237}.Release|Any CPU.Build.0 = Release|Any CPU
		{9E7DD2AA-4890-44C2-9FD8-8DC65BA15F81}.Debug|Any CPU.ActiveCfg = Debug|Any CPU
		{9E7DD2AA-4890-44C2-9FD8-8DC65BA15F81}.Debug|Any CPU.Build.0 = Debug|Any CPU
		{9E7DD2AA-4890-44C2-9FD8-8DC65BA15F81}.Release|Any CPU.ActiveCfg = Release|Any CPU
		{9E7DD2AA-4890-44C2-9FD8-8DC65BA15F81}.Release|Any CPU.Build.0 = Release|Any CPU
		{77C221BC-716F-4AF7-A09D-BDFCF2748130}.Debug|Any CPU.ActiveCfg = Debug|Any CPU
		{77C221BC-716F-4AF7-A09D-BDFCF2748130}.Debug|Any CPU.Build.0 = Debug|Any CPU
		{77C221BC-716F-4AF7-A09D-BDFCF2748130}.Release|Any CPU.ActiveCfg = Release|Any CPU
		{77C221BC-716F-4AF7-A09D-BDFCF2748130}.Release|Any CPU.Build.0 = Release|Any CPU
	EndGlobalSection
	GlobalSection(SolutionProperties) = preSolution
		HideSolutionNode = FALSE
	EndGlobalSection
	GlobalSection(ExtensibilityGlobals) = postSolution
		SolutionGuid = {1F922256-F952-492D-BB08-E6557DCA8E21}
	EndGlobalSection
EndGlobal
